
Microsoft Visual Studio Solution File, Format Version 12.00
# Visual Studio Version 17
VisualStudioVersion = 17.11.35208.52
MinimumVisualStudioVersion = 10.0.40219.1
Project("{9A19103F-16F7-4668-BE54-9A1E7A4F7556}") = "Futile.SpecFlow.Actions.TestTargetGeneration", "Futile.SpecFlow.Actions.TestTargetGeneration.csproj", "{FAF1F026-53DB-47C9-8DCF-AAF466121E7B}"
EndProject
Global
	GlobalSection(SolutionConfigurationPlatforms) = preSolution
		Debug|Any CPU = Debug|Any CPU
		Release|Any CPU = Release|Any CPU
	EndGlobalSection
	GlobalSection(ProjectConfigurationPlatforms) = postSolution
		{FAF1F026-53DB-47C9-8DCF-AAF466121E7B}.Debug|Any CPU.ActiveCfg = Debug|Any CPU
		{FAF1F026-53DB-47C9-8DCF-AAF466121E7B}.Debug|Any CPU.Build.0 = Debug|Any CPU
		{FAF1F026-53DB-47C9-8DCF-AAF466121E7B}.Release|Any CPU.ActiveCfg = Release|Any CPU
		{FAF1F026-53DB-47C9-8DCF-AAF466121E7B}.Release|Any CPU.Build.0 = Release|Any CPU
	EndGlobalSection
	GlobalSection(SolutionProperties) = preSolution
		HideSolutionNode = FALSE
	EndGlobalSection
	GlobalSection(ExtensibilityGlobals) = postSolution
		SolutionGuid = {23125F9C-6571-45C2-9FE5-7C65CD9AC1F5}
	EndGlobalSection
EndGlobal
